{
    "_readme": [
        "This file locks the dependencies of your project to a known state",
        "Read more about it at https://getcomposer.org/doc/01-basic-usage.md#composer-lock-the-lock-file",
        "This file is @generated automatically"
    ],
    "hash": "fec8d83495f37b3c3a4dd002405bb774",
    "content-hash": "e34bf93bd2a7c7b655b1a32718fc9984",
    "packages": [
        {
            "name": "camspiers/json-pretty",
            "version": "1.0.2",
            "source": {
                "type": "git",
                "url": "https://github.com/camspiers/json-pretty.git",
                "reference": "17be37cb83af8014658da48fa0012604179039a7"
            },
            "dist": {
                "type": "zip",
                "url": "https://api.github.com/repos/camspiers/json-pretty/zipball/17be37cb83af8014658da48fa0012604179039a7",
                "reference": "17be37cb83af8014658da48fa0012604179039a7",
                "shasum": ""
            },
            "require-dev": {
                "phpunit/phpunit": "~4.0"
            },
            "type": "library",
            "autoload": {
                "psr-0": {
                    "Camspiers": "src/"
                }
            },
            "notification-url": "https://packagist.org/downloads/",
            "license": [
                "MIT"
            ],
            "authors": [
                {
                    "name": "Cam Spiers",
                    "email": "cameron@heyday.co.nz"
                }
            ],
            "description": "Provides support for json pretty printing",
            "time": "2016-02-06 01:25:58"
        },
        {
            "name": "league/flysystem",
            "version": "dev-master",
            "source": {
                "type": "git",
                "url": "https://github.com/thephpleague/flysystem.git",
                "reference": "6d6136152c3d5ae7ab988d48bc9207f0d4c9c958"
            },
            "dist": {
                "type": "zip",
                "url": "https://api.github.com/repos/thephpleague/flysystem/zipball/6d6136152c3d5ae7ab988d48bc9207f0d4c9c958",
                "reference": "6d6136152c3d5ae7ab988d48bc9207f0d4c9c958",
                "shasum": ""
            },
            "require": {
                "php": ">=5.4.0"
            },
            "conflict": {
                "league/flysystem-sftp": "<1.0.6"
            },
            "require-dev": {
                "ext-fileinfo": "*",
                "mockery/mockery": "~0.9",
                "phpspec/phpspec": "^2.2",
                "phpunit/phpunit": "~4.8"
            },
            "suggest": {
                "ext-fileinfo": "Required for MimeType",
                "league/flysystem-aws-s3-v2": "Allows you to use S3 storage with AWS SDK v2",
                "league/flysystem-aws-s3-v3": "Allows you to use S3 storage with AWS SDK v3",
                "league/flysystem-azure": "Allows you to use Windows Azure Blob storage",
                "league/flysystem-cached-adapter": "Flysystem adapter decorator for metadata caching",
                "league/flysystem-copy": "Allows you to use Copy.com storage",
                "league/flysystem-dropbox": "Allows you to use Dropbox storage",
                "league/flysystem-eventable-filesystem": "Allows you to use EventableFilesystem",
                "league/flysystem-rackspace": "Allows you to use Rackspace Cloud Files",
                "league/flysystem-sftp": "Allows you to use SFTP server storage via phpseclib",
                "league/flysystem-webdav": "Allows you to use WebDAV storage",
                "league/flysystem-ziparchive": "Allows you to use ZipArchive adapter"
            },
            "type": "library",
            "extra": {
                "branch-alias": {
                    "dev-master": "1.1-dev"
                }
            },
            "autoload": {
                "psr-4": {
                    "League\\Flysystem\\": "src/"
                }
            },
            "notification-url": "https://packagist.org/downloads/",
            "license": [
                "MIT"
            ],
            "authors": [
                {
                    "name": "Frank de Jonge",
                    "email": "info@frenky.net"
                }
            ],
            "description": "Filesystem abstraction: Many filesystems, one API.",
            "keywords": [
                "Cloud Files",
                "WebDAV",
                "abstraction",
                "aws",
                "cloud",
                "copy.com",
                "dropbox",
                "file systems",
                "files",
                "filesystem",
                "filesystems",
                "ftp",
                "rackspace",
                "remote",
                "s3",
                "sftp",
                "storage"
            ],
            "time": "2016-10-03 20:55:38"
        },
        {
            "name": "maxakawizard/json-collection-parser",
            "version": "1.1.1",
            "source": {
                "type": "git",
                "url": "https://github.com/MAXakaWIZARD/JsonCollectionParser.git",
                "reference": "05298ef52c44152a125ca8ae578005c210004729"
            },
            "dist": {
                "type": "zip",
                "url": "https://api.github.com/repos/MAXakaWIZARD/JsonCollectionParser/zipball/05298ef52c44152a125ca8ae578005c210004729",
                "reference": "05298ef52c44152a125ca8ae578005c210004729",
                "shasum": ""
            },
            "require": {
                "php": "^5.4 | ^7.0",
                "salsify/json-streaming-parser": "~6.0"
            },
            "require-dev": {
                "phpunit/phpunit": "~4.0 | ~5.0",
                "satooshi/php-coveralls": "~1.0"
            },
            "type": "library",
            "autoload": {
                "psr-4": {
                    "JsonCollectionParser\\": "src/",
                    "JsonCollectionParser\\Tests\\": "tests/"
                }
            },
            "notification-url": "https://packagist.org/downloads/",
            "license": [
                "MIT"
            ],
            "authors": [
                {
                    "name": "Max Grigorian",
                    "email": "maxakawizard@gmail.com"
                }
            ],
            "description": "Streaming parser for large JSON files containing array of objects",
            "homepage": "https://github.com/MAXakaWIZARD/JsonCollectionParser",
            "keywords": [
                "json"
            ],
            "time": "2016-05-10 13:09:24"
        },
        {
            "name": "salsify/json-streaming-parser",
            "version": "v6.0.1",
            "source": {
                "type": "git",
                "url": "https://github.com/salsify/jsonstreamingparser.git",
                "reference": "a037cd97c06f1d04eb6397ad70c37447cce024dd"
            },
            "dist": {
                "type": "zip",
                "url": "https://api.github.com/repos/salsify/jsonstreamingparser/zipball/a037cd97c06f1d04eb6397ad70c37447cce024dd",
                "reference": "a037cd97c06f1d04eb6397ad70c37447cce024dd",
                "shasum": ""
            },
            "require": {
                "ext-mbstring": "*",
                "php": "^5.4 | ^7.0"
            },
            "require-dev": {
                "phpunit/phpunit": "~4.0"
            },
            "type": "library",
            "autoload": {
                "psr-4": {
                    "JsonStreamingParser\\": "src",
                    "JsonStreamingParser\\Test\\": "tests"
                }
            },
            "notification-url": "https://packagist.org/downloads/",
            "license": [
                "MIT"
            ],
            "authors": [
                {
                    "name": "Maxim Gnatenko",
                    "email": "mgnatenko@gmail.com"
                },
                {
                    "name": "Rob Gonzalez",
                    "email": "rob@salsify.com",
                    "homepage": "http://salsify.com/"
                },
                {
                    "name": "Max Grigorian",
                    "email": "maxakawizard@gmail.com",
                    "homepage": "http://wizardcat.com/"
                }
            ],
            "description": "A streaming parser for JSON in PHP.",
            "homepage": "https://github.com/salsify/jsonstreamingparser",
            "keywords": [
                "json",
                "parser",
                "streaming"
            ],
            "time": "2016-04-02 18:11:14"
        }
    ],
    "packages-dev": null,
    "aliases": [],
    "minimum-stability": "dev",
    "stability-flags": {
        "10up/wp_mock": 20
    },
    "prefer-stable": false,
    "prefer-lowest": false,
    "platform": {
        "php": ">=5.4.0"
    },
    "platform-dev": []
}
